
Microsoft Visual Studio Solution File, Format Version 11.00
# Visual Studio 2010
Project("{FAE04EC0-301F-11D3-BF4B-00C04F79EFBC}") = "Assembly-CSharp", "Assembly-CSharp.csproj", "{DF8784AA-7CC9-EAA7-F65D-04D604D5F2FA}"
EndProject
Project("{FAE04EC0-301F-11D3-BF4B-00C04F79EFBC}") = "VuforiaScripts", "VuforiaScripts.csproj", "{BD0AABF3-57FF-3AAD-A145-94E1F152AF14}"
EndProject
Project("{FAE04EC0-301F-11D3-BF4B-00C04F79EFBC}") = "VuforiaEditorScripts", "VuforiaEditorScripts.csproj", "{CCD3EB4D-222B-955D-E873-26CBEB29BC67}"
EndProject
Global
	GlobalSection(SolutionConfigurationPlatforms) = preSolution
		Debug|Any CPU = Debug|Any CPU
		Release|Any CPU = Release|Any CPU
	EndGlobalSection
	GlobalSection(ProjectConfigurationPlatforms) = postSolution
		{DF8784AA-7CC9-EAA7-F65D-04D604D5F2FA}.Debug|Any CPU.ActiveCfg = Debug|Any CPU
		{DF8784AA-7CC9-EAA7-F65D-04D604D5F2FA}.Debug|Any CPU.Build.0 = Debug|Any CPU
		{DF8784AA-7CC9-EAA7-F65D-04D604D5F2FA}.Release|Any CPU.ActiveCfg = Release|Any CPU
		{DF8784AA-7CC9-EAA7-F65D-04D604D5F2FA}.Release|Any CPU.Build.0 = Release|Any CPU
		{BD0AABF3-57FF-3AAD-A145-94E1F152AF14}.Debug|Any CPU.ActiveCfg = Debug|Any CPU
		{BD0AABF3-57FF-3AAD-A145-94E1F152AF14}.Debug|Any CPU.Build.0 = Debug|Any CPU
		{BD0AABF3-57FF-3AAD-A145-94E1F152AF14}.Release|Any CPU.ActiveCfg = Release|Any CPU
		{BD0AABF3-57FF-3AAD-A145-94E1F152AF14}.Release|Any CPU.Build.0 = Release|Any CPU
		{CCD3EB4D-222B-955D-E873-26CBEB29BC67}.Debug|Any CPU.ActiveCfg = Debug|Any CPU
		{CCD3EB4D-222B-955D-E873-26CBEB29BC67}.Debug|Any CPU.Build.0 = Debug|Any CPU
		{CCD3EB4D-222B-955D-E873-26CBEB29BC67}.Release|Any CPU.ActiveCfg = Release|Any CPU
		{CCD3EB4D-222B-955D-E873-26CBEB29BC67}.Release|Any CPU.Build.0 = Release|Any CPU
	EndGlobalSection
	GlobalSection(SolutionProperties) = preSolution
		HideSolutionNode = FALSE
	EndGlobalSection
EndGlobal
